// !$*UTF8*$!
{
	archiveVersion = 1;
	classes = {
	};
	objectVersion = 46;
	objects = {

/* Begin PBXBuildFile section */
		297844AA1EA7D33B0012CEC0 /* SwipeViewController.m in Sources */ = {isa = PBXBuildFile; fileRef = 297844A91EA7D33B0012CEC0 /* SwipeViewController.m */; };
		F06BE3251EA7C4E600E4DF9D /* main.m in Sources */ = {isa = PBXBuildFile; fileRef = F06BE3241EA7C4E600E4DF9D /* main.m */; };
		F06BE3281EA7C4E600E4DF9D /* AppDelegate.m in Sources */ = {isa = PBXBuildFile; fileRef = F06BE3271EA7C4E600E4DF9D /* AppDelegate.m */; };
		F06BE32B1EA7C4E600E4DF9D /* ViewController.m in Sources */ = {isa = PBXBuildFile; fileRef = F06BE32A1EA7C4E600E4DF9D /* ViewController.m */; };
		F06BE32E1EA7C4E600E4DF9D /* Main.storyboard in Resources */ = {isa = PBXBuildFile; fileRef = F06BE32C1EA7C4E600E4DF9D /* Main.storyboard */; };
		F06BE3301EA7C4E600E4DF9D /* Assets.xcassets in Resources */ = {isa = PBXBuildFile; fileRef = F06BE32F1EA7C4E600E4DF9D /* Assets.xcassets */; };
		F06BE3331EA7C4E600E4DF9D /* LaunchScreen.storyboard in Resources */ = {isa = PBXBuildFile; fileRef = F06BE3311EA7C4E600E4DF9D /* LaunchScreen.storyboard */; };
		FBA325C51EAA32D8002207B5 /* PinchViewController.m in Sources */ = {isa = PBXBuildFile; fileRef = FBA325C41EAA32D8002207B5 /* PinchViewController.m */; };
/* End PBXBuildFile section */

/* Begin PBXFileReference section */
		297844A81EA7D33B0012CEC0 /* SwipeViewController.h */ = {isa = PBXFileReference; fileEncoding = 4; lastKnownFileType = sourcecode.c.h; path = SwipeViewController.h; sourceTree = "<group>"; };
		297844A91EA7D33B0012CEC0 /* SwipeViewController.m */ = {isa = PBXFileReference; fileEncoding = 4; lastKnownFileType = sourcecode.c.objc; path = SwipeViewController.m; sourceTree = "<group>"; };
		F06BE3201EA7C4E600E4DF9D /* Gestures.app */ = {isa = PBXFileReference; explicitFileType = wrapper.application; includeInIndex = 0; path = Gestures.app; sourceTree = BUILT_PRODUCTS_DIR; };
		F06BE3241EA7C4E600E4DF9D /* main.m */ = {isa = PBXFileReference; lastKnownFileType = sourcecode.c.objc; path = main.m; sourceTree = "<group>"; };
		F06BE3261EA7C4E600E4DF9D /* AppDelegate.h */ = {isa = PBXFileReference; lastKnownFileType = sourcecode.c.h; path = AppDelegate.h; sourceTree = "<group>"; };
		F06BE3271EA7C4E600E4DF9D /* AppDelegate.m */ = {isa = PBXFileReference; lastKnownFileType = sourcecode.c.objc; path = AppDelegate.m; sourceTree = "<group>"; };
		F06BE3291EA7C4E600E4DF9D /* ViewController.h */ = {isa = PBXFileReference; lastKnownFileType = sourcecode.c.h; path = ViewController.h; sourceTree = "<group>"; };
		F06BE32A1EA7C4E600E4DF9D /* ViewController.m */ = {isa = PBXFileReference; lastKnownFileType = sourcecode.c.objc; path = ViewController.m; sourceTree = "<group>"; };
		F06BE32D1EA7C4E600E4DF9D /* Base */ = {isa = PBXFileReference; lastKnownFileType = file.storyboard; name = Base; path = Base.lproj/Main.storyboard; sourceTree = "<group>"; };
		F06BE32F1EA7C4E600E4DF9D /* Assets.xcassets */ = {isa = PBXFileReference; lastKnownFileType = folder.assetcatalog; path = Assets.xcassets; sourceTree = "<group>"; };
		F06BE3321EA7C4E600E4DF9D /* Base */ = {isa = PBXFileReference; lastKnownFileType = file.storyboard; name = Base; path = Base.lproj/LaunchScreen.storyboard; sourceTree = "<group>"; };
		F06BE3341EA7C4E600E4DF9D /* Info.plist */ = {isa = PBXFileReference; lastKnownFileType = text.plist.xml; path = Info.plist; sourceTree = "<group>"; };
		FBA325C31EAA32D8002207B5 /* PinchViewController.h */ = {isa = PBXFileReference; fileEncoding = 4; lastKnownFileType = sourcecode.c.h; path = PinchViewController.h; sourceTree = "<group>"; };
		FBA325C41EAA32D8002207B5 /* PinchViewController.m */ = {isa = PBXFileReference; fileEncoding = 4; lastKnownFileType = sourcecode.c.objc; path = PinchViewController.m; sourceTree = "<group>"; };
/* End PBXFileReference section */

/* Begin PBXFrameworksBuildPhase section */
		F06BE31D1EA7C4E600E4DF9D /* Frameworks */ = {
			isa = PBXFrameworksBuildPhase;
			buildActionMask = 2147483647;
			files = (
			);
			runOnlyForDeploymentPostprocessing = 0;
		};
/* End PBXFrameworksBuildPhase section */

/* Begin PBXGroup section */
		F06BE3171EA7C4E500E4DF9D = {
			isa = PBXGroup;
			children = (
				F06BE3221EA7C4E600E4DF9D /* Gestures */,
				F06BE3211EA7C4E600E4DF9D /* Products */,
			);
			sourceTree = "<group>";
		};
		F06BE3211EA7C4E600E4DF9D /* Products */ = {
			isa = PBXGroup;
			children = (
				F06BE3201EA7C4E600E4DF9D /* Gestures.app */,
			);
			name = Products;
			sourceTree = "<group>";
		};
		F06BE3221EA7C4E600E4DF9D /* Gestures */ = {
			isa = PBXGroup;
			children = (
				F06BE33B1EA7C60600E4DF9D /* AppFiles */,
				F06BE33A1EA7C5FE00E4DF9D /* Modules */,
				F06BE3231EA7C4E600E4DF9D /* Supporting Files */,
			);
			path = Gestures;
			sourceTree = "<group>";
		};
		F06BE3231EA7C4E600E4DF9D /* Supporting Files */ = {
			isa = PBXGroup;
			children = (
				F06BE3241EA7C4E600E4DF9D /* main.m */,
			);
			name = "Supporting Files";
			sourceTree = "<group>";
		};
		F06BE33A1EA7C5FE00E4DF9D /* Modules */ = {
			isa = PBXGroup;
			children = (
				F06BE3291EA7C4E600E4DF9D /* ViewController.h */,
				F06BE32A1EA7C4E600E4DF9D /* ViewController.m */,
				297844A81EA7D33B0012CEC0 /* SwipeViewController.h */,
				297844A91EA7D33B0012CEC0 /* SwipeViewController.m */,
				FBA325C31EAA32D8002207B5 /* PinchViewController.h */,
				FBA325C41EAA32D8002207B5 /* PinchViewController.m */,
			);
			name = Modules;
			sourceTree = "<group>";
		};
		F06BE33B1EA7C60600E4DF9D /* AppFiles */ = {
			isa = PBXGroup;
			children = (
				F06BE3261EA7C4E600E4DF9D /* AppDelegate.h */,
				F06BE3271EA7C4E600E4DF9D /* AppDelegate.m */,
				F06BE32C1EA7C4E600E4DF9D /* Main.storyboard */,
				F06BE32F1EA7C4E600E4DF9D /* Assets.xcassets */,
				F06BE3311EA7C4E600E4DF9D /* LaunchScreen.storyboard */,
				F06BE3341EA7C4E600E4DF9D /* Info.plist */,
			);
			name = AppFiles;
			sourceTree = "<group>";
		};
/* End PBXGroup section */

/* Begin PBXNativeTarget section */
		F06BE31F1EA7C4E600E4DF9D /* Gestures */ = {
			isa = PBXNativeTarget;
			buildConfigurationList = F06BE3371EA7C4E600E4DF9D /* Build configuration list for PBXNativeTarget "Gestures" */;
			buildPhases = (
				F06BE31C1EA7C4E600E4DF9D /* Sources */,
				F06BE31D1EA7C4E600E4DF9D /* Frameworks */,
				F06BE31E1EA7C4E600E4DF9D /* Resources */,
			);
			buildRules = (
			);
			dependencies = (
			);
			name = Gestures;
			productName = Gestures;
			productReference = F06BE3201EA7C4E600E4DF9D /* Gestures.app */;
			productType = "com.apple.product-type.application";
		};
/* End PBXNativeTarget section */

/* Begin PBXProject section */
		F06BE3181EA7C4E500E4DF9D /* Project object */ = {
			isa = PBXProject;
			attributes = {
				LastUpgradeCheck = 0820;
				ORGANIZATIONNAME = LemonSchool;
				TargetAttributes = {
					F06BE31F1EA7C4E600E4DF9D = {
						CreatedOnToolsVersion = 8.2.1;
						ProvisioningStyle = Automatic;
					};
				};
			};
			buildConfigurationList = F06BE31B1EA7C4E500E4DF9D /* Build configuration list for PBXProject "Gestures" */;
			compatibilityVersion = "Xcode 3.2";
			developmentRegion = English;
			hasScannedForEncodings = 0;
			knownRegions = (
				en,
				Base,
			);
			mainGroup = F06BE3171EA7C4E500E4DF9D;
			productRefGroup = F06BE3211EA7C4E600E4DF9D /* Products */;
			projectDirPath = "";
			projectRoot = "";
			targets = (
				F06BE31F1EA7C4E600E4DF9D /* Gestures */,
			);
		};
/* End PBXProject section */

/* Begin PBXResourcesBuildPhase section */
		F06BE31E1EA7C4E600E4DF9D /* Resources */ = {
			isa = PBXResourcesBuildPhase;
			buildActionMask = 2147483647;
			files = (
				F06BE3331EA7C4E600E4DF9D /* LaunchScreen.storyboard in Resources */,
				F06BE3301EA7C4E600E4DF9D /* Assets.xcassets in Resources */,
				F06BE32E1EA7C4E600E4DF9D /* Main.storyboard in Resources */,
			);
			runOnlyForDeploymentPostprocessing = 0;
		};
/* End PBXResourcesBuildPhase section */

/* Begin PBXSourcesBuildPhase section */
		F06BE31C1EA7C4E600E4DF9D /* Sources */ = {
			isa = PBXSourcesBuildPhase;
			buildActionMask = 2147483647;
			files = (
				F06BE32B1EA7C4E600E4DF9D /* ViewController.m in Sources */,
				F06BE3281EA7C4E600E4DF9D /* AppDelegate.m in Sources */,
				FBA325C51EAA32D8002207B5 /* PinchViewController.m in Sources */,
				F06BE3251EA7C4E600E4DF9D /* main.m in Sources */,
				297844AA1EA7D33B0012CEC0 /* SwipeViewController.m in Sources */,
			);
			runOnlyForDeploymentPostprocessing = 0;
		};
/* End PBXSourcesBuildPhase section */

/* Begin PBXVariantGroup section */
		F06BE32C1EA7C4E600E4DF9D /* Main.storyboard */ = {
			isa = PBXVariantGroup;
			children = (
				F06BE32D1EA7C4E600E4DF9D /* Base */,
			);
			name = Main.storyboard;
			sourceTree = "<group>";
		};
		F06BE3311EA7C4E600E4DF9D /* LaunchScreen.storyboard */ = {
			isa = PBXVariantGroup;
			children = (
				F06BE3321EA7C4E600E4DF9D /* Base */,
			);
			name = LaunchScreen.storyboard;
			sourceTree = "<group>";
		};
/* End PBXVariantGroup section */

/* Begin XCBuildConfiguration section */
		F06BE3351EA7C4E600E4DF9D /* Debug */ = {
			isa = XCBuildConfiguration;
			buildSettings = {
				ALWAYS_SEARCH_USER_PATHS = NO;
				CLANG_ANALYZER_NONNULL = YES;
				CLANG_CXX_LANGUAGE_STANDARD = "gnu++0x";
				CLANG_CXX_LIBRARY = "libc++";
				CLANG_ENABLE_MODULES = YES;
				CLANG_ENABLE_OBJC_ARC = YES;
				CLANG_WARN_BOOL_CONVERSION = YES;
				CLANG_WARN_CONSTANT_CONVERSION = YES;
				CLANG_WARN_DIRECT_OBJC_ISA_USAGE = YES_ERROR;
				CLANG_WARN_DOCUMENTATION_COMMENTS = YES;
				CLANG_WARN_EMPTY_BODY = YES;
				CLANG_WARN_ENUM_CONVERSION = YES;
				CLANG_WARN_INFINITE_RECURSION = YES;
				CLANG_WARN_INT_CONVERSION = YES;
				CLANG_WARN_OBJC_ROOT_CLASS = YES_ERROR;
				CLANG_WARN_SUSPICIOUS_MOVE = YES;
				CLANG_WARN_UNREACHABLE_CODE = YES;
				CLANG_WARN__DUPLICATE_METHOD_MATCH = YES;
				"CODE_SIGN_IDENTITY[sdk=iphoneos*]" = "iPhone Developer";
				COPY_PHASE_STRIP = NO;
				DEBUG_INFORMATION_FORMAT = dwarf;
				ENABLE_STRICT_OBJC_MSGSEND = YES;
				ENABLE_TESTABILITY = YES;
				GCC_C_LANGUAGE_STANDARD = gnu99;
				GCC_DYNAMIC_NO_PIC = NO;
				GCC_NO_COMMON_BLOCKS = YES;
				GCC_OPTIMIZATION_LEVEL = 0;
				GCC_PREPROCESSOR_DEFINITIONS = (
					"DEBUG=1",
					"$(inherited)",
				);
				GCC_WARN_64_TO_32_BIT_CONVERSION = YES;
				GCC_WARN_ABOUT_RETURN_TYPE = YES_ERROR;
				GCC_WARN_UNDECLARED_SELECTOR = YES;
				GCC_WARN_UNINITIALIZED_AUTOS = YES_AGGRESSIVE;
				GCC_WARN_UNUSED_FUNCTION = YES;
				GCC_WARN_UNUSED_VARIABLE = YES;
				IPHONEOS_DEPLOYMENT_TARGET = 10.2;
				MTL_ENABLE_DEBUG_INFO = YES;
				ONLY_ACTIVE_ARCH = YES;
				SDKROOT = iphoneos;
			};
			name = Debug;
		};
		F06BE3361EA7C4E600E4DF9D /* Release */ = {
			isa = XCBuildConfiguration;
			buildSettings = {
				ALWAYS_SEARCH_USER_PATHS = NO;
				CLANG_ANALYZER_NONNULL = YES;
				CLANG_CXX_LANGUAGE_STANDARD = "gnu++0x";
				CLANG_CXX_LIBRARY = "libc++";
				CLANG_ENABLE_MODULES = YES;
				CLANG_ENABLE_OBJC_ARC = YES;
				CLANG_WARN_BOOL_CONVERSION = YES;
				CLANG_WARN_CONSTANT_CONVERSION = YES;
				CLANG_WARN_DIRECT_OBJC_ISA_USAGE = YES_ERROR;
				CLANG_WARN_DOCUMENTATION_COMMENTS = YES;
				CLANG_WARN_EMPTY_BODY = YES;
				CLANG_WARN_ENUM_CONVERSION = YES;
				CLANG_WARN_INFINITE_RECURSION = YES;
				CLANG_WARN_INT_CONVERSION = YES;
				CLANG_WARN_OBJC_ROOT_CLASS = YES_ERROR;
				CLANG_WARN_SUSPICIOUS_MOVE = YES;
				CLANG_WARN_UNREACHABLE_CODE = YES;
				CLANG_WARN__DUPLICATE_METHOD_MATCH = YES;
				"CODE_SIGN_IDENTITY[sdk=iphoneos*]" = "iPhone Developer";
				COPY_PHASE_STRIP = NO;
				DEBUG_INFORMATION_FORMAT = "dwarf-with-dsym";
				ENABLE_NS_ASSERTIONS = NO;
				ENABLE_STRICT_OBJC_MSGSEND = YES;
				GCC_C_LANGUAGE_STANDARD = gnu99;
				GCC_NO_COMMON_BLOCKS = YES;
				GCC_WARN_64_TO_32_BIT_CONVERSION = YES;
				GCC_WARN_ABOUT_RETURN_TYPE = YES_ERROR;
				GCC_WARN_UNDECLARED_SELECTOR = YES;
				GCC_WARN_UNINITIALIZED_AUTOS = YES_AGGRESSIVE;
				GCC_WARN_UNUSED_FUNCTION = YES;
				GCC_WARN_UNUSED_VARIABLE = YES;
				IPHONEOS_DEPLOYMENT_TARGET = 10.2;
				MTL_ENABLE_DEBUG_INFO = NO;
				SDKROOT = iphoneos;
				VALIDATE_PRODUCT = YES;
			};
			name = Release;
		};
		F06BE3381EA7C4E600E4DF9D /* Debug */ = {
			isa = XCBuildConfiguration;
			buildSettings = {
				ASSETCATALOG_COMPILER_APPICON_NAME = AppIcon;
				INFOPLIST_FILE = Gestures/Info.plist;
				LD_RUNPATH_SEARCH_PATHS = "$(inherited) @executable_path/Frameworks";
				PRODUCT_BUNDLE_IDENTIFIER = com.ak.Gestures;
				PRODUCT_NAME = "$(TARGET_NAME)";
			};
			name = Debug;
		};
		F06BE3391EA7C4E600E4DF9D /* Release */ = {
			isa = XCBuildConfiguration;
			buildSettings = {
				ASSETCATALOG_COMPILER_APPICON_NAME = AppIcon;
				INFOPLIST_FILE = Gestures/Info.plist;
				LD_RUNPATH_SEARCH_PATHS = "$(inherited) @executable_path/Frameworks";
				PRODUCT_BUNDLE_IDENTIFIER = com.ak.Gestures;
				PRODUCT_NAME = "$(TARGET_NAME)";
			};
			name = Release;
		};
/* End XCBuildConfiguration section */

/* Begin XCConfigurationList section */
		F06BE31B1EA7C4E500E4DF9D /* Build configuration list for PBXProject "Gestures" */ = {
			isa = XCConfigurationList;
			buildConfigurations = (
				F06BE3351EA7C4E600E4DF9D /* Debug */,
				F06BE3361EA7C4E600E4DF9D /* Release */,
			);
			defaultConfigurationIsVisible = 0;
			defaultConfigurationName = Release;
		};
		F06BE3371EA7C4E600E4DF9D /* Build configuration list for PBXNativeTarget "Gestures" */ = {
			isa = XCConfigurationList;
			buildConfigurations = (
				F06BE3381EA7C4E600E4DF9D /* Debug */,
				F06BE3391EA7C4E600E4DF9D /* Release */,
			);
			defaultConfigurationIsVisible = 0;
			defaultConfigurationName = Release;
		};
/* End XCConfigurationList section */
	};
	rootObject = F06BE3181EA7C4E500E4DF9D /* Project object */;
}
